
Microsoft Visual Studio Solution File, Format Version 12.00
# Visual Studio 14
VisualStudioVersion = 14.0.23107.0
MinimumVisualStudioVersion = 10.0.40219.1
Project("{2150E333-8FDC-42A3-9474-1A3956D46DE8}") = "01简单工厂模式", "01简单工厂模式", "{30E8D262-31C6-44B9-9FE1-78D72DC2E344}"
EndProject
Project("{FAE04EC0-301F-11D3-BF4B-00C04F79EFBC}") = "Factory", "Factory\Factory.csproj", "{9F997CFE-F406-4F5B-BB81-6307F6AD9597}"
EndProject
Project("{2150E333-8FDC-42A3-9474-1A3956D46DE8}") = "02策略模式", "02策略模式", "{4F62F955-0E84-49DB-B9F7-519ED4BCEF25}"
EndProject
Project("{FAE04EC0-301F-11D3-BF4B-00C04F79EFBC}") = "Strategy", "Strategy\Strategy.csproj", "{BD2368DA-0EDD-4E4A-B5EC-70191B71E382}"
EndProject
Project("{2150E333-8FDC-42A3-9474-1A3956D46DE8}") = "03装饰模式", "03装饰模式", "{B3042FF7-3F02-4AB5-B803-91E51C12037C}"
EndProject
Project("{FAE04EC0-301F-11D3-BF4B-00C04F79EFBC}") = "Decorator", "Decorator\Decorator.csproj", "{F3CE139B-7FBC-4E6F-8480-72D5C1CBEF20}"
EndProject
Project("{2150E333-8FDC-42A3-9474-1A3956D46DE8}") = "04代理模式", "04代理模式", "{0ED03E3F-AEF5-42F2-BAFB-3C2535AC9C75}"
EndProject
Project("{FAE04EC0-301F-11D3-BF4B-00C04F79EFBC}") = "Proxy", "Proxy\Proxy.csproj", "{A0F9635D-2DAB-4F10-BF52-7A01B0E96924}"
EndProject
Project("{2150E333-8FDC-42A3-9474-1A3956D46DE8}") = "05工厂方法模式", "05工厂方法模式", "{77D94089-AD0A-47D8-8846-91F61ABB8DF5}"
EndProject
Project("{FAE04EC0-301F-11D3-BF4B-00C04F79EFBC}") = "IFactory", "IFactory\IFactory.csproj", "{7389D4FE-55FF-48EB-8874-3BCE00B39F94}"
EndProject
Project("{2150E333-8FDC-42A3-9474-1A3956D46DE8}") = "06原型模式", "06原型模式", "{AF66A733-ED9A-4EA0-90A3-C86B927655F9}"
EndProject
Global
	GlobalSection(SolutionConfigurationPlatforms) = preSolution
		Debug|Any CPU = Debug|Any CPU
		Release|Any CPU = Release|Any CPU
	EndGlobalSection
	GlobalSection(ProjectConfigurationPlatforms) = postSolution
		{9F997CFE-F406-4F5B-BB81-6307F6AD9597}.Debug|Any CPU.ActiveCfg = Debug|Any CPU
		{9F997CFE-F406-4F5B-BB81-6307F6AD9597}.Debug|Any CPU.Build.0 = Debug|Any CPU
		{9F997CFE-F406-4F5B-BB81-6307F6AD9597}.Release|Any CPU.ActiveCfg = Release|Any CPU
		{9F997CFE-F406-4F5B-BB81-6307F6AD9597}.Release|Any CPU.Build.0 = Release|Any CPU
		{BD2368DA-0EDD-4E4A-B5EC-70191B71E382}.Debug|Any CPU.ActiveCfg = Debug|Any CPU
		{BD2368DA-0EDD-4E4A-B5EC-70191B71E382}.Debug|Any CPU.Build.0 = Debug|Any CPU
		{BD2368DA-0EDD-4E4A-B5EC-70191B71E382}.Release|Any CPU.ActiveCfg = Release|Any CPU
		{BD2368DA-0EDD-4E4A-B5EC-70191B71E382}.Release|Any CPU.Build.0 = Release|Any CPU
		{F3CE139B-7FBC-4E6F-8480-72D5C1CBEF20}.Debug|Any CPU.ActiveCfg = Debug|Any CPU
		{F3CE139B-7FBC-4E6F-8480-72D5C1CBEF20}.Debug|Any CPU.Build.0 = Debug|Any CPU
		{F3CE139B-7FBC-4E6F-8480-72D5C1CBEF20}.Release|Any CPU.ActiveCfg = Release|Any CPU
		{F3CE139B-7FBC-4E6F-8480-72D5C1CBEF20}.Release|Any CPU.Build.0 = Release|Any CPU
		{A0F9635D-2DAB-4F10-BF52-7A01B0E96924}.Debug|Any CPU.ActiveCfg = Debug|Any CPU
		{A0F9635D-2DAB-4F10-BF52-7A01B0E96924}.Debug|Any CPU.Build.0 = Debug|Any CPU
		{A0F9635D-2DAB-4F10-BF52-7A01B0E96924}.Release|Any CPU.ActiveCfg = Release|Any CPU
		{A0F9635D-2DAB-4F10-BF52-7A01B0E96924}.Release|Any CPU.Build.0 = Release|Any CPU
		{7389D4FE-55FF-48EB-8874-3BCE00B39F94}.Debug|Any CPU.ActiveCfg = Debug|Any CPU
		{7389D4FE-55FF-48EB-8874-3BCE00B39F94}.Debug|Any CPU.Build.0 = Debug|Any CPU
		{7389D4FE-55FF-48EB-8874-3BCE00B39F94}.Release|Any CPU.ActiveCfg = Release|Any CPU
		{7389D4FE-55FF-48EB-8874-3BCE00B39F94}.Release|Any CPU.Build.0 = Release|Any CPU
	EndGlobalSection
	GlobalSection(SolutionProperties) = preSolution
		HideSolutionNode = FALSE
	EndGlobalSection
	GlobalSection(NestedProjects) = preSolution
		{9F997CFE-F406-4F5B-BB81-6307F6AD9597} = {30E8D262-31C6-44B9-9FE1-78D72DC2E344}
		{BD2368DA-0EDD-4E4A-B5EC-70191B71E382} = {4F62F955-0E84-49DB-B9F7-519ED4BCEF25}
		{F3CE139B-7FBC-4E6F-8480-72D5C1CBEF20} = {B3042FF7-3F02-4AB5-B803-91E51C12037C}
		{A0F9635D-2DAB-4F10-BF52-7A01B0E96924} = {0ED03E3F-AEF5-42F2-BAFB-3C2535AC9C75}
		{7389D4FE-55FF-48EB-8874-3BCE00B39F94} = {77D94089-AD0A-47D8-8846-91F61ABB8DF5}
	EndGlobalSection
EndGlobal
